
Microsoft Visual Studio Solution File, Format Version 12.00
# Visual Studio Version 16
VisualStudioVersion = 16.0.31112.23
MinimumVisualStudioVersion = 10.0.40219.1
Project("{FAE04EC0-301F-11D3-BF4B-00C04F79EFBC}") = "Задание №1(Практика_граф)", "Задание №1(Практика_граф).csproj", "{4591C807-1DDE-4801-9C18-E70091F20CBC}"
EndProject
Project("{9A19103F-16F7-4668-BE54-9A1E7A4F7556}") = "Задание №1 (Практика)", "..\Задание №1 (Практика)\Задание №1 (Практика).csproj", "{E3C95F4C-B418-485E-BE2A-D6D5813F03E5}"
EndProject
Global
	GlobalSection(SolutionConfigurationPlatforms) = preSolution
		Debug|Any CPU = Debug|Any CPU
		Release|Any CPU = Release|Any CPU
	EndGlobalSection
	GlobalSection(ProjectConfigurationPlatforms) = postSolution
		{4591C807-1DDE-4801-9C18-E70091F20CBC}.Debug|Any CPU.ActiveCfg = Debug|Any CPU
		{4591C807-1DDE-4801-9C18-E70091F20CBC}.Debug|Any CPU.Build.0 = Debug|Any CPU
		{4591C807-1DDE-4801-9C18-E70091F20CBC}.Release|Any CPU.ActiveCfg = Release|Any CPU
		{4591C807-1DDE-4801-9C18-E70091F20CBC}.Release|Any CPU.Build.0 = Release|Any CPU
		{E3C95F4C-B418-485E-BE2A-D6D5813F03E5}.Debug|Any CPU.ActiveCfg = Debug|Any CPU
		{E3C95F4C-B418-485E-BE2A-D6D5813F03E5}.Debug|Any CPU.Build.0 = Debug|Any CPU
		{E3C95F4C-B418-485E-BE2A-D6D5813F03E5}.Release|Any CPU.ActiveCfg = Release|Any CPU
		{E3C95F4C-B418-485E-BE2A-D6D5813F03E5}.Release|Any CPU.Build.0 = Release|Any CPU
	EndGlobalSection
	GlobalSection(SolutionProperties) = preSolution
		HideSolutionNode = FALSE
	EndGlobalSection
	GlobalSection(ExtensibilityGlobals) = postSolution
		SolutionGuid = {B225C4DD-F86C-424F-8FEB-E6D0C7E1D6F3}
	EndGlobalSection
EndGlobal
