
Microsoft Visual Studio Solution File, Format Version 12.00
# Visual Studio Version 16
VisualStudioVersion = 16.0.30717.126
MinimumVisualStudioVersion = 10.0.40219.1
Project("{FAE04EC0-301F-11D3-BF4B-00C04F79EFBC}") = "cZad5", "cZad5\cZad5.csproj", "{39880743-2954-4088-9BFD-201DDC9FCD50}"
EndProject
Global
	GlobalSection(SolutionConfigurationPlatforms) = preSolution
		Debug|Any CPU = Debug|Any CPU
		Release|Any CPU = Release|Any CPU
	EndGlobalSection
	GlobalSection(ProjectConfigurationPlatforms) = postSolution
		{39880743-2954-4088-9BFD-201DDC9FCD50}.Debug|Any CPU.ActiveCfg = Debug|Any CPU
		{39880743-2954-4088-9BFD-201DDC9FCD50}.Debug|Any CPU.Build.0 = Debug|Any CPU
		{39880743-2954-4088-9BFD-201DDC9FCD50}.Release|Any CPU.ActiveCfg = Release|Any CPU
		{39880743-2954-4088-9BFD-201DDC9FCD50}.Release|Any CPU.Build.0 = Release|Any CPU
	EndGlobalSection
	GlobalSection(SolutionProperties) = preSolution
		HideSolutionNode = FALSE
	EndGlobalSection
	GlobalSection(ExtensibilityGlobals) = postSolution
		SolutionGuid = {15F180B1-9B2C-4E42-8DCC-727594A6BC4F}
	EndGlobalSection
EndGlobal
