
Microsoft Visual Studio Solution File, Format Version 12.00
# Visual Studio Version 16
VisualStudioVersion = 16.0.30717.126
MinimumVisualStudioVersion = 10.0.40219.1
Project("{FAE04EC0-301F-11D3-BF4B-00C04F79EFBC}") = "wfZad5", "wfZad5\wfZad5.csproj", "{D50A1453-1021-418F-8C7D-E48D748ED746}"
EndProject
Global
	GlobalSection(SolutionConfigurationPlatforms) = preSolution
		Debug|Any CPU = Debug|Any CPU
		Release|Any CPU = Release|Any CPU
	EndGlobalSection
	GlobalSection(ProjectConfigurationPlatforms) = postSolution
		{D50A1453-1021-418F-8C7D-E48D748ED746}.Debug|Any CPU.ActiveCfg = Debug|Any CPU
		{D50A1453-1021-418F-8C7D-E48D748ED746}.Debug|Any CPU.Build.0 = Debug|Any CPU
		{D50A1453-1021-418F-8C7D-E48D748ED746}.Release|Any CPU.ActiveCfg = Release|Any CPU
		{D50A1453-1021-418F-8C7D-E48D748ED746}.Release|Any CPU.Build.0 = Release|Any CPU
	EndGlobalSection
	GlobalSection(SolutionProperties) = preSolution
		HideSolutionNode = FALSE
	EndGlobalSection
	GlobalSection(ExtensibilityGlobals) = postSolution
		SolutionGuid = {96D9EA51-B9A9-47B4-924E-75FBC812DCFC}
	EndGlobalSection
EndGlobal
