
Microsoft Visual Studio Solution File, Format Version 12.00
# Visual Studio Version 16
VisualStudioVersion = 16.0.31112.23
MinimumVisualStudioVersion = 10.0.40219.1
Project("{FAE04EC0-301F-11D3-BF4B-00C04F79EFBC}") = "Zadanie_8.1", "Zadanie_8.1\Zadanie_8.1.csproj", "{DBE1726A-F6F4-45BF-8ED2-C636CA51115A}"
EndProject
Project("{FAE04EC0-301F-11D3-BF4B-00C04F79EFBC}") = "Zadanie_8.1(Graph)", "Zadanie_8.1(Graph)\Zadanie_8.1(Graph).csproj", "{D087FE2A-E80F-4601-B894-A04ADB892130}"
EndProject
Global
	GlobalSection(SolutionConfigurationPlatforms) = preSolution
		Debug|Any CPU = Debug|Any CPU
		Release|Any CPU = Release|Any CPU
	EndGlobalSection
	GlobalSection(ProjectConfigurationPlatforms) = postSolution
		{DBE1726A-F6F4-45BF-8ED2-C636CA51115A}.Debug|Any CPU.ActiveCfg = Debug|Any CPU
		{DBE1726A-F6F4-45BF-8ED2-C636CA51115A}.Debug|Any CPU.Build.0 = Debug|Any CPU
		{DBE1726A-F6F4-45BF-8ED2-C636CA51115A}.Release|Any CPU.ActiveCfg = Release|Any CPU
		{DBE1726A-F6F4-45BF-8ED2-C636CA51115A}.Release|Any CPU.Build.0 = Release|Any CPU
		{D087FE2A-E80F-4601-B894-A04ADB892130}.Debug|Any CPU.ActiveCfg = Debug|Any CPU
		{D087FE2A-E80F-4601-B894-A04ADB892130}.Debug|Any CPU.Build.0 = Debug|Any CPU
		{D087FE2A-E80F-4601-B894-A04ADB892130}.Release|Any CPU.ActiveCfg = Release|Any CPU
		{D087FE2A-E80F-4601-B894-A04ADB892130}.Release|Any CPU.Build.0 = Release|Any CPU
	EndGlobalSection
	GlobalSection(SolutionProperties) = preSolution
		HideSolutionNode = FALSE
	EndGlobalSection
	GlobalSection(ExtensibilityGlobals) = postSolution
		SolutionGuid = {E37232DB-FD1D-4E95-9351-B7A749ED9143}
	EndGlobalSection
EndGlobal
