
Microsoft Visual Studio Solution File, Format Version 12.00
# Visual Studio Version 16
VisualStudioVersion = 16.0.31112.23
MinimumVisualStudioVersion = 10.0.40219.1
Project("{FAE04EC0-301F-11D3-BF4B-00C04F79EFBC}") = "Zadanie_11.1", "Zadanie_11.1\Zadanie_11.1.csproj", "{4D59B645-6A4B-4A50-8DE5-361082EA0A66}"
EndProject
Project("{FAE04EC0-301F-11D3-BF4B-00C04F79EFBC}") = "Zadanie_11.1(Graph)", "Zadanie_11.1(Graph)\Zadanie_11.1(Graph).csproj", "{D9BD3454-7DBE-4AD5-BEA3-836109E84D55}"
EndProject
Global
	GlobalSection(SolutionConfigurationPlatforms) = preSolution
		Debug|Any CPU = Debug|Any CPU
		Release|Any CPU = Release|Any CPU
	EndGlobalSection
	GlobalSection(ProjectConfigurationPlatforms) = postSolution
		{4D59B645-6A4B-4A50-8DE5-361082EA0A66}.Debug|Any CPU.ActiveCfg = Debug|Any CPU
		{4D59B645-6A4B-4A50-8DE5-361082EA0A66}.Debug|Any CPU.Build.0 = Debug|Any CPU
		{4D59B645-6A4B-4A50-8DE5-361082EA0A66}.Release|Any CPU.ActiveCfg = Release|Any CPU
		{4D59B645-6A4B-4A50-8DE5-361082EA0A66}.Release|Any CPU.Build.0 = Release|Any CPU
		{D9BD3454-7DBE-4AD5-BEA3-836109E84D55}.Debug|Any CPU.ActiveCfg = Debug|Any CPU
		{D9BD3454-7DBE-4AD5-BEA3-836109E84D55}.Debug|Any CPU.Build.0 = Debug|Any CPU
		{D9BD3454-7DBE-4AD5-BEA3-836109E84D55}.Release|Any CPU.ActiveCfg = Release|Any CPU
		{D9BD3454-7DBE-4AD5-BEA3-836109E84D55}.Release|Any CPU.Build.0 = Release|Any CPU
	EndGlobalSection
	GlobalSection(SolutionProperties) = preSolution
		HideSolutionNode = FALSE
	EndGlobalSection
	GlobalSection(ExtensibilityGlobals) = postSolution
		SolutionGuid = {B6D59223-C0BF-4390-84DF-6C7566C34721}
	EndGlobalSection
EndGlobal
